<?xml version="1.0" encoding="utf-8"?>
<Project ToolsVersion="4.0" xmlns="http://schemas.microsoft.com/developer/msbuild/2003">
  <ItemGroup>
    <Filter Include="Source Files">
      <UniqueIdentifier>{4FC737F1-C7A5-4376-A066-2A32D752A2FF}</UniqueIdentifier>
      <Extensions>cpp;c;cc;cxx;c++;cppm;ixx;def;odl;idl;hpj;bat;asm;asmx</Extensions>
    </Filter>
    <Filter Include="Header Files">
      <UniqueIdentifier>{93995380-89BD-4b04-88EB-625FBE52EBFB}</UniqueIdentifier>
      <Extensions>h;hh;hpp;hxx;h++;hm;inl;inc;ipp;xsd</Extensions>
    </Filter>
    <Filter Include="Resource Files">
      <UniqueIdentifier>{67DA6AB6-F800-4c08-8B7A-83BB121AAD01}</UniqueIdentifier>
      <Extensions>rc;ico;cur;bmp;dlg;rc2;rct;bin;rgs;gif;jpg;jpeg;jpe;resx;tiff;tif;png;wav;mfcribbon-ms</Extensions>
    </Filter>
    <Filter Include="Shaders">
      <UniqueIdentifier>{47eb6b91-cdf2-4e8d-911d-ba5eb5dec0de}</UniqueIdentifier>
    </Filter>
    <Filter Include="Header Files\Bindables">
      <UniqueIdentifier>{da022b6f-46cd-4136-b4d5-7547d1c9029a}</UniqueIdentifier>
    </Filter>
    <Filter Include="Source Files\Bindables">
      <UniqueIdentifier>{c2dfa89e-5de4-433a-b15b-797e026c1048}</UniqueIdentifier>
    </Filter>
    <Filter Include="Header Files\Windows">
      <UniqueIdentifier>{7e319ab0-62e2-4546-aa97-917acbd6c33b}</UniqueIdentifier>
    </Filter>
    <Filter Include="Header Files\Utilities">
      <UniqueIdentifier>{d801ced1-02bc-408f-9ea3-deb83d27dcab}</UniqueIdentifier>
    </Filter>
    <Filter Include="Header Files\Drawables">
      <UniqueIdentifier>{a31351c3-9b3e-4889-95e3-5fcba489c952}</UniqueIdentifier>
    </Filter>
    <Filter Include="Source Files\Drawables">
      <UniqueIdentifier>{0e63a447-1540-4427-b877-651c9b354019}</UniqueIdentifier>
    </Filter>
    <Filter Include="Source Files\Windows">
      <UniqueIdentifier>{2dfb8b90-3109-49b3-bf70-b250b1d98332}</UniqueIdentifier>
    </Filter>
    <Filter Include="Source Files\Utilities">
      <UniqueIdentifier>{e0a7c2ea-3e51-4bac-be53-fcaa42858a38}</UniqueIdentifier>
    </Filter>
  </ItemGroup>
  <ItemGroup>
    <ClCompile Include="Source\Application.cpp">
      <Filter>Source Files</Filter>
    </ClCompile>
    <ClCompile Include="Source\Graphics.cpp">
      <Filter>Source Files</Filter>
    </ClCompile>
    <ClCompile Include="Source\Topology.cpp">
      <Filter>Source Files\Bindables</Filter>
    </ClCompile>
    <ClCompile Include="Source\IndexBuffer.cpp">
      <Filter>Source Files\Bindables</Filter>
    </ClCompile>
    <ClCompile Include="Source\InputLayout.cpp">
      <Filter>Source Files\Bindables</Filter>
    </ClCompile>
    <ClCompile Include="Source\VertexBuffer.cpp">
      <Filter>Source Files\Bindables</Filter>
    </ClCompile>
    <ClCompile Include="Source\ConstantBuffer.cpp">
      <Filter>Source Files\Bindables</Filter>
    </ClCompile>
    <ClCompile Include="Source\IDrawable.cpp">
      <Filter>Source Files\Drawables</Filter>
    </ClCompile>
    <ClCompile Include="Source\Cube.cpp">
      <Filter>Source Files\Drawables</Filter>
    </ClCompile>
    <ClCompile Include="Source\Window.cpp">
      <Filter>Source Files\Windows</Filter>
    </ClCompile>
    <ClCompile Include="Source\WindowAPIClass.cpp">
      <Filter>Source Files\Windows</Filter>
    </ClCompile>
    <ClCompile Include="Source\DxgiInfoManager.cpp">
      <Filter>Source Files\Utilities</Filter>
    </ClCompile>
    <ClCompile Include="Source\ErrorHandler.cpp">
      <Filter>Source Files\Utilities</Filter>
    </ClCompile>
    <ClCompile Include="Source\Keyboard.cpp">
      <Filter>Source Files\Utilities</Filter>
    </ClCompile>
    <ClCompile Include="Source\Mouse.cpp">
      <Filter>Source Files\Utilities</Filter>
    </ClCompile>
    <ClCompile Include="Source\Timer.cpp">
      <Filter>Source Files\Utilities</Filter>
    </ClCompile>
    <ClCompile Include="Source\WinMain.cpp">
      <Filter>Source Files</Filter>
    </ClCompile>
    <ClCompile Include="Source\VertexShader.cpp">
      <Filter>Source Files\Bindables</Filter>
    </ClCompile>
    <ClCompile Include="Source\PixelShader.cpp">
      <Filter>Source Files\Bindables</Filter>
    </ClCompile>
    <ClCompile Include="Source\TransformMatrixCBuffer.cpp">
      <Filter>Source Files\Bindables</Filter>
    </ClCompile>
    <ClCompile Include="Source\Viewport.cpp">
      <Filter>Source Files\Bindables</Filter>
    </ClCompile>
    <ClCompile Include="Source\Triangle.cpp">
      <Filter>Source Files\Drawables</Filter>
    </ClCompile>
    <ClCompile Include="Source\BindableFactory.cpp">
      <Filter>Source Files\Bindables</Filter>
    </ClCompile>
  </ItemGroup>
  <ItemGroup>
    <ClInclude Include="resource.h">
      <Filter>Header Files</Filter>
    </ClInclude>
    <ClInclude Include="Source\Application.h">
      <Filter>Header Files</Filter>
    </ClInclude>
    <ClInclude Include="Source\Graphics.h">
      <Filter>Header Files</Filter>
    </ClInclude>
    <ClInclude Include="Source\IBindable.h">
      <Filter>Header Files\Bindables</Filter>
    </ClInclude>
    <ClInclude Include="Source\Topology.h">
      <Filter>Header Files\Bindables</Filter>
    </ClInclude>
    <ClInclude Include="Source\IndexBuffer.h">
      <Filter>Header Files\Bindables</Filter>
    </ClInclude>
    <ClInclude Include="Source\InputLayout.h">
      <Filter>Header Files\Bindables</Filter>
    </ClInclude>
    <ClInclude Include="Source\WinHeader.h">
      <Filter>Header Files\Windows</Filter>
    </ClInclude>
    <ClInclude Include="Source\WindowAPIClass.h">
      <Filter>Header Files\Windows</Filter>
    </ClInclude>
    <ClInclude Include="Source\Window.h">
      <Filter>Header Files\Windows</Filter>
    </ClInclude>
    <ClInclude Include="Source\Keyboard.h">
      <Filter>Header Files\Utilities</Filter>
    </ClInclude>
    <ClInclude Include="Source\Mouse.h">
      <Filter>Header Files\Utilities</Filter>
    </ClInclude>
    <ClInclude Include="Source\Timer.h">
      <Filter>Header Files\Utilities</Filter>
    </ClInclude>
    <ClInclude Include="Source\DxgiInfoManager.h">
      <Filter>Header Files\Utilities</Filter>
    </ClInclude>
    <ClInclude Include="Source\ErrorHandler.h">
      <Filter>Header Files\Utilities</Filter>
    </ClInclude>
    <ClInclude Include="Source\VertexBuffer.h">
      <Filter>Header Files\Bindables</Filter>
    </ClInclude>
    <ClInclude Include="Source\ConstantBuffer.h">
      <Filter>Header Files\Bindables</Filter>
    </ClInclude>
    <ClInclude Include="Source\IDrawable.h">
      <Filter>Header Files\Drawables</Filter>
    </ClInclude>
    <ClInclude Include="Source\Cube.h">
      <Filter>Header Files\Drawables</Filter>
    </ClInclude>
    <ClInclude Include="Source\VertexShader.h">
      <Filter>Header Files\Bindables</Filter>
    </ClInclude>
    <ClInclude Include="Source\PixelShader.h">
      <Filter>Header Files\Bindables</Filter>
    </ClInclude>
    <ClInclude Include="Source\TransformMatrixCBuffer.h">
      <Filter>Header Files\Bindables</Filter>
    </ClInclude>
    <ClInclude Include="Source\Viewport.h">
      <Filter>Header Files\Bindables</Filter>
    </ClInclude>
    <ClInclude Include="Source\Triangle.h">
      <Filter>Header Files</Filter>
    </ClInclude>
    <ClInclude Include="Source\BindableFactory.h">
      <Filter>Header Files\Bindables</Filter>
    </ClInclude>
  </ItemGroup>
  <ItemGroup>
    <ResourceCompile Include="ChilliProject.rc">
      <Filter>Resource Files</Filter>
    </ResourceCompile>
  </ItemGroup>
  <ItemGroup>
    <Image Include="Resources\Tuziibanez-Profesional-Red-Network-drive-connected.ico">
      <Filter>Resource Files</Filter>
    </Image>
    <Image Include="Resources\olddirectx.ico">
      <Filter>Resource Files</Filter>
    </Image>
  </ItemGroup>
  <ItemGroup>
    <Text Include="Notes.txt" />
  </ItemGroup>
  <ItemGroup>
    <FxCompile Include="Source\SimpleVS.hlsl">
      <Filter>Shaders</Filter>
    </FxCompile>
    <FxCompile Include="Source\SimplePS.hlsl">
      <Filter>Shaders</Filter>
    </FxCompile>
    <FxCompile Include="Source\SimpleCubePS.hlsl">
      <Filter>Shaders</Filter>
    </FxCompile>
    <FxCompile Include="Source\SimpleCubeVS.hlsl">
      <Filter>Shaders</Filter>
    </FxCompile>
  </ItemGroup>
</Project>